
Microsoft Visual Studio Solution File, Format Version 12.00
# Visual Studio Version 17
VisualStudioVersion = 17.11.35327.3
MinimumVisualStudioVersion = 10.0.40219.1
Project("{FAE04EC0-301F-11D3-BF4B-00C04F79EFBC}") = "TrackerLoan2", "TrackerLoan2.csproj", "{BDDC5ED9-8DDE-4B61-99BA-B1BC04A6D742}"
EndProject
Project("{FAE04EC0-301F-11D3-BF4B-00C04F79EFBC}") = "DataService", "..\DataService\DataService.csproj", "{DDC7B8BF-5CA5-4FDB-9BCB-45FE5D0680F4}"
EndProject
Project("{FAE04EC0-301F-11D3-BF4B-00C04F79EFBC}") = "AppService", "..\AppService\AppService.csproj", "{E58E8F21-5624-4B02-9608-2C5C1CB1158F}"
EndProject
Project("{FAE04EC0-301F-11D3-BF4B-00C04F79EFBC}") = "Models", "..\Models\Models.csproj", "{36D32AAC-885B-41EC-845C-2EEB587E0550}"
EndProject
Global
	GlobalSection(SolutionConfigurationPlatforms) = preSolution
		Debug|Any CPU = Debug|Any CPU
		Release|Any CPU = Release|Any CPU
	EndGlobalSection
	GlobalSection(ProjectConfigurationPlatforms) = postSolution
		{BDDC5ED9-8DDE-4B61-99BA-B1BC04A6D742}.Debug|Any CPU.ActiveCfg = Debug|Any CPU
		{BDDC5ED9-8DDE-4B61-99BA-B1BC04A6D742}.Debug|Any CPU.Build.0 = Debug|Any CPU
		{BDDC5ED9-8DDE-4B61-99BA-B1BC04A6D742}.Release|Any CPU.ActiveCfg = Release|Any CPU
		{BDDC5ED9-8DDE-4B61-99BA-B1BC04A6D742}.Release|Any CPU.Build.0 = Release|Any CPU
		{DDC7B8BF-5CA5-4FDB-9BCB-45FE5D0680F4}.Debug|Any CPU.ActiveCfg = Debug|Any CPU
		{DDC7B8BF-5CA5-4FDB-9BCB-45FE5D0680F4}.Debug|Any CPU.Build.0 = Debug|Any CPU
		{DDC7B8BF-5CA5-4FDB-9BCB-45FE5D0680F4}.Release|Any CPU.ActiveCfg = Release|Any CPU
		{DDC7B8BF-5CA5-4FDB-9BCB-45FE5D0680F4}.Release|Any CPU.Build.0 = Release|Any CPU
		{E58E8F21-5624-4B02-9608-2C5C1CB1158F}.Debug|Any CPU.ActiveCfg = Debug|Any CPU
		{E58E8F21-5624-4B02-9608-2C5C1CB1158F}.Debug|Any CPU.Build.0 = Debug|Any CPU
		{E58E8F21-5624-4B02-9608-2C5C1CB1158F}.Release|Any CPU.ActiveCfg = Release|Any CPU
		{E58E8F21-5624-4B02-9608-2C5C1CB1158F}.Release|Any CPU.Build.0 = Release|Any CPU
		{36D32AAC-885B-41EC-845C-2EEB587E0550}.Debug|Any CPU.ActiveCfg = Debug|Any CPU
		{36D32AAC-885B-41EC-845C-2EEB587E0550}.Debug|Any CPU.Build.0 = Debug|Any CPU
		{36D32AAC-885B-41EC-845C-2EEB587E0550}.Release|Any CPU.ActiveCfg = Release|Any CPU
		{36D32AAC-885B-41EC-845C-2EEB587E0550}.Release|Any CPU.Build.0 = Release|Any CPU
	EndGlobalSection
	GlobalSection(SolutionProperties) = preSolution
		HideSolutionNode = FALSE
	EndGlobalSection
	GlobalSection(ExtensibilityGlobals) = postSolution
		SolutionGuid = {F21AC9B7-F8D1-4E1E-930F-C4B52EAC1710}
	EndGlobalSection
EndGlobal
